
Microsoft Visual Studio Solution File, Format Version 12.00
# Visual Studio Version 17
VisualStudioVersion = 17.4.33213.308
MinimumVisualStudioVersion = 10.0.40219.1
Project("{FAE04EC0-301F-11D3-BF4B-00C04F79EFBC}") = "ERP_Stock_Module", "ERP_Stock_Module.csproj", "{7DE1789A-58F1-41E4-9F89-BD7110A3E16A}"
EndProject
Global
	GlobalSection(SolutionConfigurationPlatforms) = preSolution
		Debug|Any CPU = Debug|Any CPU
		Release|Any CPU = Release|Any CPU
	EndGlobalSection
	GlobalSection(ProjectConfigurationPlatforms) = postSolution
		{7DE1789A-58F1-41E4-9F89-BD7110A3E16A}.Debug|Any CPU.ActiveCfg = Debug|Any CPU
		{7DE1789A-58F1-41E4-9F89-BD7110A3E16A}.Debug|Any CPU.Build.0 = Debug|Any CPU
		{7DE1789A-58F1-41E4-9F89-BD7110A3E16A}.Release|Any CPU.ActiveCfg = Release|Any CPU
		{7DE1789A-58F1-41E4-9F89-BD7110A3E16A}.Release|Any CPU.Build.0 = Release|Any CPU
	EndGlobalSection
	GlobalSection(SolutionProperties) = preSolution
		HideSolutionNode = FALSE
	EndGlobalSection
	GlobalSection(ExtensibilityGlobals) = postSolution
		SolutionGuid = {877151B9-91BC-46B9-B49B-0DCC95E38E59}
	EndGlobalSection
EndGlobal
